
Microsoft Visual Studio Solution File, Format Version 12.00
# Visual Studio Version 17
VisualStudioVersion = 17.10.35122.118
MinimumVisualStudioVersion = 10.0.40219.1
Project("{FAE04EC0-301F-11D3-BF4B-00C04F79EFBC}") = "SistemaEscolar", "SistemaEscolar.csproj", "{5740A0F1-04DE-43B2-83AA-27B61AE67ECE}"
EndProject
Global
	GlobalSection(SolutionConfigurationPlatforms) = preSolution
		Debug|Any CPU = Debug|Any CPU
		Release|Any CPU = Release|Any CPU
	EndGlobalSection
	GlobalSection(ProjectConfigurationPlatforms) = postSolution
		{5740A0F1-04DE-43B2-83AA-27B61AE67ECE}.Debug|Any CPU.ActiveCfg = Debug|Any CPU
		{5740A0F1-04DE-43B2-83AA-27B61AE67ECE}.Debug|Any CPU.Build.0 = Debug|Any CPU
		{5740A0F1-04DE-43B2-83AA-27B61AE67ECE}.Release|Any CPU.ActiveCfg = Release|Any CPU
		{5740A0F1-04DE-43B2-83AA-27B61AE67ECE}.Release|Any CPU.Build.0 = Release|Any CPU
	EndGlobalSection
	GlobalSection(SolutionProperties) = preSolution
		HideSolutionNode = FALSE
	EndGlobalSection
	GlobalSection(ExtensibilityGlobals) = postSolution
		SolutionGuid = {C6B63C97-13D4-412E-98BB-5F2F742C3B51}
	EndGlobalSection
EndGlobal
